// !$*UTF8*$!
{
	archiveVersion = 1;
	classes = {
	};
	objectVersion = 55;
	objects = {

/* Begin PBXBuildFile section */
		5C8FAD8B2720484300E35816 /* UIColorExtension.swift in Sources */ = {isa = PBXBuildFile; fileRef = 5C8FAD8A2720484300E35816 /* UIColorExtension.swift */; };
		5CBBD3462728E5F0000CF8E2 /* VideoTableViewCell.swift in Sources */ = {isa = PBXBuildFile; fileRef = 5CBBD3442728E5F0000CF8E2 /* VideoTableViewCell.swift */; };
		5CBBD3472728E5F0000CF8E2 /* VideoTableViewCell.xib in Resources */ = {isa = PBXBuildFile; fileRef = 5CBBD3452728E5F0000CF8E2 /* VideoTableViewCell.xib */; };
		5CBBD34927294A7B000CF8E2 /* ShortsCollectionViewCell.swift in Sources */ = {isa = PBXBuildFile; fileRef = 5CBBD34827294A7B000CF8E2 /* ShortsCollectionViewCell.swift */; };
		5CBBD34C27294FF4000CF8E2 /* HomeVC-CV.swift in Sources */ = {isa = PBXBuildFile; fileRef = 5CBBD34B27294FF4000CF8E2 /* HomeVC-CV.swift */; };
		5CC39AE42709B32E00FBB37B /* AppDelegate.swift in Sources */ = {isa = PBXBuildFile; fileRef = 5CC39AE32709B32E00FBB37B /* AppDelegate.swift */; };
		5CC39AE62709B32E00FBB37B /* SceneDelegate.swift in Sources */ = {isa = PBXBuildFile; fileRef = 5CC39AE52709B32E00FBB37B /* SceneDelegate.swift */; };
		5CC39AE82709B32E00FBB37B /* SignInVC.swift in Sources */ = {isa = PBXBuildFile; fileRef = 5CC39AE72709B32E00FBB37B /* SignInVC.swift */; };
		5CC39AEB2709B32E00FBB37B /* Main.storyboard in Resources */ = {isa = PBXBuildFile; fileRef = 5CC39AE92709B32E00FBB37B /* Main.storyboard */; };
		5CC39AED2709B33100FBB37B /* Assets.xcassets in Resources */ = {isa = PBXBuildFile; fileRef = 5CC39AEC2709B33100FBB37B /* Assets.xcassets */; };
		5CC39AF02709B33100FBB37B /* LaunchScreen.storyboard in Resources */ = {isa = PBXBuildFile; fileRef = 5CC39AEE2709B33100FBB37B /* LaunchScreen.storyboard */; };
		5CC39AF82709B55500FBB37B /* SignUpVC.swift in Sources */ = {isa = PBXBuildFile; fileRef = 5CC39AF72709B55500FBB37B /* SignUpVC.swift */; };
		5CC39AFA2709B58100FBB37B /* CompleteSignUpVC.swift in Sources */ = {isa = PBXBuildFile; fileRef = 5CC39AF92709B58100FBB37B /* CompleteSignUpVC.swift */; };
		5CEF1D292721B7040068918E /* LoginTextField.swift in Sources */ = {isa = PBXBuildFile; fileRef = 5CEF1D282721B7040068918E /* LoginTextField.swift */; };
		5CEF1D2B272257800068918E /* TabBarHome.storyboard in Resources */ = {isa = PBXBuildFile; fileRef = 5CEF1D2A272257800068918E /* TabBarHome.storyboard */; };
		5CEF1D2D2722584D0068918E /* CustomTabBarController.swift in Sources */ = {isa = PBXBuildFile; fileRef = 5CEF1D2C2722584D0068918E /* CustomTabBarController.swift */; };
		5CEF1D2F2722596F0068918E /* HomeVC.storyboard in Resources */ = {isa = PBXBuildFile; fileRef = 5CEF1D2E2722596F0068918E /* HomeVC.storyboard */; };
		5CEF1D312722597A0068918E /* ShortsVC.storyboard in Resources */ = {isa = PBXBuildFile; fileRef = 5CEF1D302722597A0068918E /* ShortsVC.storyboard */; };
		5CEF1D33272259850068918E /* AddVC.storyboard in Resources */ = {isa = PBXBuildFile; fileRef = 5CEF1D32272259850068918E /* AddVC.storyboard */; };
		5CEF1D352722598B0068918E /* SubVC.storyboard in Resources */ = {isa = PBXBuildFile; fileRef = 5CEF1D342722598B0068918E /* SubVC.storyboard */; };
		5CEF1D37272259A50068918E /* LibraryVC.storyboard in Resources */ = {isa = PBXBuildFile; fileRef = 5CEF1D36272259A50068918E /* LibraryVC.storyboard */; };
		5CEF1D39272259D00068918E /* HomeVC.swift in Sources */ = {isa = PBXBuildFile; fileRef = 5CEF1D38272259D00068918E /* HomeVC.swift */; };
		5CEF1D3B272259ED0068918E /* ShortsVC.swift in Sources */ = {isa = PBXBuildFile; fileRef = 5CEF1D3A272259ED0068918E /* ShortsVC.swift */; };
		5CEF1D3D272259EE0068918E /* AddVC.swift in Sources */ = {isa = PBXBuildFile; fileRef = 5CEF1D3C272259EE0068918E /* AddVC.swift */; };
		5CEF1D3F272259EF0068918E /* SubVC.swift in Sources */ = {isa = PBXBuildFile; fileRef = 5CEF1D3E272259EF0068918E /* SubVC.swift */; };
		5CEF1D41272259F00068918E /* LibraryVC.swift in Sources */ = {isa = PBXBuildFile; fileRef = 5CEF1D40272259F00068918E /* LibraryVC.swift */; };
		5CEF1D4327225CD60068918E /* UIImageExtension.swift in Sources */ = {isa = PBXBuildFile; fileRef = 5CEF1D4227225CD60068918E /* UIImageExtension.swift */; };
		5CF4F571272BF8B5001E483B /* HomeVC-TV.swift in Sources */ = {isa = PBXBuildFile; fileRef = 5CF4F570272BF8B5001E483B /* HomeVC-TV.swift */; };
/* End PBXBuildFile section */

/* Begin PBXFileReference section */
		5C8FAD8A2720484300E35816 /* UIColorExtension.swift */ = {isa = PBXFileReference; lastKnownFileType = sourcecode.swift; path = UIColorExtension.swift; sourceTree = "<group>"; };
		5CBBD3442728E5F0000CF8E2 /* VideoTableViewCell.swift */ = {isa = PBXFileReference; lastKnownFileType = sourcecode.swift; path = VideoTableViewCell.swift; sourceTree = "<group>"; };
		5CBBD3452728E5F0000CF8E2 /* VideoTableViewCell.xib */ = {isa = PBXFileReference; lastKnownFileType = file.xib; path = VideoTableViewCell.xib; sourceTree = "<group>"; };
		5CBBD34827294A7B000CF8E2 /* ShortsCollectionViewCell.swift */ = {isa = PBXFileReference; lastKnownFileType = sourcecode.swift; path = ShortsCollectionViewCell.swift; sourceTree = "<group>"; };
		5CBBD34B27294FF4000CF8E2 /* HomeVC-CV.swift */ = {isa = PBXFileReference; lastKnownFileType = sourcecode.swift; path = "HomeVC-CV.swift"; sourceTree = "<group>"; };
		5CC39AE02709B32E00FBB37B /* 29th-homework.app */ = {isa = PBXFileReference; explicitFileType = wrapper.application; includeInIndex = 0; path = "29th-homework.app"; sourceTree = BUILT_PRODUCTS_DIR; };
		5CC39AE32709B32E00FBB37B /* AppDelegate.swift */ = {isa = PBXFileReference; lastKnownFileType = sourcecode.swift; path = AppDelegate.swift; sourceTree = "<group>"; };
		5CC39AE52709B32E00FBB37B /* SceneDelegate.swift */ = {isa = PBXFileReference; lastKnownFileType = sourcecode.swift; path = SceneDelegate.swift; sourceTree = "<group>"; };
		5CC39AE72709B32E00FBB37B /* SignInVC.swift */ = {isa = PBXFileReference; lastKnownFileType = sourcecode.swift; path = SignInVC.swift; sourceTree = "<group>"; };
		5CC39AEA2709B32E00FBB37B /* Base */ = {isa = PBXFileReference; lastKnownFileType = file.storyboard; name = Base; path = Base.lproj/Main.storyboard; sourceTree = "<group>"; };
		5CC39AEC2709B33100FBB37B /* Assets.xcassets */ = {isa = PBXFileReference; lastKnownFileType = folder.assetcatalog; path = Assets.xcassets; sourceTree = "<group>"; };
		5CC39AEF2709B33100FBB37B /* Base */ = {isa = PBXFileReference; lastKnownFileType = file.storyboard; name = Base; path = Base.lproj/LaunchScreen.storyboard; sourceTree = "<group>"; };
		5CC39AF12709B33100FBB37B /* Info.plist */ = {isa = PBXFileReference; lastKnownFileType = text.plist.xml; path = Info.plist; sourceTree = "<group>"; };
		5CC39AF72709B55500FBB37B /* SignUpVC.swift */ = {isa = PBXFileReference; lastKnownFileType = sourcecode.swift; path = SignUpVC.swift; sourceTree = "<group>"; };
		5CC39AF92709B58100FBB37B /* CompleteSignUpVC.swift */ = {isa = PBXFileReference; lastKnownFileType = sourcecode.swift; path = CompleteSignUpVC.swift; sourceTree = "<group>"; };
		5CEF1D282721B7040068918E /* LoginTextField.swift */ = {isa = PBXFileReference; lastKnownFileType = sourcecode.swift; path = LoginTextField.swift; sourceTree = "<group>"; };
		5CEF1D2A272257800068918E /* TabBarHome.storyboard */ = {isa = PBXFileReference; lastKnownFileType = file.storyboard; path = TabBarHome.storyboard; sourceTree = "<group>"; };
		5CEF1D2C2722584D0068918E /* CustomTabBarController.swift */ = {isa = PBXFileReference; lastKnownFileType = sourcecode.swift; path = CustomTabBarController.swift; sourceTree = "<group>"; };
		5CEF1D2E2722596F0068918E /* HomeVC.storyboard */ = {isa = PBXFileReference; lastKnownFileType = file.storyboard; path = HomeVC.storyboard; sourceTree = "<group>"; };
		5CEF1D302722597A0068918E /* ShortsVC.storyboard */ = {isa = PBXFileReference; lastKnownFileType = file.storyboard; path = ShortsVC.storyboard; sourceTree = "<group>"; };
		5CEF1D32272259850068918E /* AddVC.storyboard */ = {isa = PBXFileReference; lastKnownFileType = file.storyboard; path = AddVC.storyboard; sourceTree = "<group>"; };
		5CEF1D342722598B0068918E /* SubVC.storyboard */ = {isa = PBXFileReference; lastKnownFileType = file.storyboard; path = SubVC.storyboard; sourceTree = "<group>"; };
		5CEF1D36272259A50068918E /* LibraryVC.storyboard */ = {isa = PBXFileReference; lastKnownFileType = file.storyboard; path = LibraryVC.storyboard; sourceTree = "<group>"; };
		5CEF1D38272259D00068918E /* HomeVC.swift */ = {isa = PBXFileReference; lastKnownFileType = sourcecode.swift; path = HomeVC.swift; sourceTree = "<group>"; };
		5CEF1D3A272259ED0068918E /* ShortsVC.swift */ = {isa = PBXFileReference; lastKnownFileType = sourcecode.swift; path = ShortsVC.swift; sourceTree = "<group>"; };
		5CEF1D3C272259EE0068918E /* AddVC.swift */ = {isa = PBXFileReference; lastKnownFileType = sourcecode.swift; path = AddVC.swift; sourceTree = "<group>"; };
		5CEF1D3E272259EF0068918E /* SubVC.swift */ = {isa = PBXFileReference; lastKnownFileType = sourcecode.swift; path = SubVC.swift; sourceTree = "<group>"; };
		5CEF1D40272259F00068918E /* LibraryVC.swift */ = {isa = PBXFileReference; lastKnownFileType = sourcecode.swift; path = LibraryVC.swift; sourceTree = "<group>"; };
		5CEF1D4227225CD60068918E /* UIImageExtension.swift */ = {isa = PBXFileReference; lastKnownFileType = sourcecode.swift; path = UIImageExtension.swift; sourceTree = "<group>"; };
		5CF4F570272BF8B5001E483B /* HomeVC-TV.swift */ = {isa = PBXFileReference; lastKnownFileType = sourcecode.swift; path = "HomeVC-TV.swift"; sourceTree = "<group>"; };
/* End PBXFileReference section */

/* Begin PBXFrameworksBuildPhase section */
		5CC39ADD2709B32E00FBB37B /* Frameworks */ = {
			isa = PBXFrameworksBuildPhase;
			buildActionMask = 2147483647;
			files = (
			);
			runOnlyForDeploymentPostprocessing = 0;
		};
/* End PBXFrameworksBuildPhase section */

/* Begin PBXGroup section */
		5C8FAD8C272052A900E35816 /* Resources */ = {
			isa = PBXGroup;
			children = (
				5CC39AE32709B32E00FBB37B /* AppDelegate.swift */,
				5CC39AE52709B32E00FBB37B /* SceneDelegate.swift */,
				5CC39AEC2709B33100FBB37B /* Assets.xcassets */,
			);
			path = Resources;
			sourceTree = "<group>";
		};
		5C8FAD8D272052CF00E35816 /* Storyboards */ = {
			isa = PBXGroup;
			children = (
				5CC39AEE2709B33100FBB37B /* LaunchScreen.storyboard */,
				5CC39AE92709B32E00FBB37B /* Main.storyboard */,
				5CEF1D2A272257800068918E /* TabBarHome.storyboard */,
				5CEF1D2E2722596F0068918E /* HomeVC.storyboard */,
				5CEF1D302722597A0068918E /* ShortsVC.storyboard */,
				5CEF1D32272259850068918E /* AddVC.storyboard */,
				5CEF1D342722598B0068918E /* SubVC.storyboard */,
				5CEF1D36272259A50068918E /* LibraryVC.storyboard */,
			);
			path = Storyboards;
			sourceTree = "<group>";
		};
		5C8FAD8E272052E700E35816 /* Files */ = {
			isa = PBXGroup;
			children = (
				5CBBD34A27294BC9000CF8E2 /* Home */,
				5CC39AE72709B32E00FBB37B /* SignInVC.swift */,
				5CC39AF72709B55500FBB37B /* SignUpVC.swift */,
				5CC39AF92709B58100FBB37B /* CompleteSignUpVC.swift */,
				5CEF1D3C272259EE0068918E /* AddVC.swift */,
				5CEF1D3A272259ED0068918E /* ShortsVC.swift */,
				5CEF1D3E272259EF0068918E /* SubVC.swift */,
				5CEF1D40272259F00068918E /* LibraryVC.swift */,
			);
			path = Files;
			sourceTree = "<group>";
		};
		5CBBD34A27294BC9000CF8E2 /* Home */ = {
			isa = PBXGroup;
			children = (
				5CBBD34D27294FF8000CF8E2 /* Extensions */,
				5CEF1D38272259D00068918E /* HomeVC.swift */,
				5CBBD3442728E5F0000CF8E2 /* VideoTableViewCell.swift */,
				5CBBD3452728E5F0000CF8E2 /* VideoTableViewCell.xib */,
				5CBBD34827294A7B000CF8E2 /* ShortsCollectionViewCell.swift */,
			);
			path = Home;
			sourceTree = "<group>";
		};
		5CBBD34D27294FF8000CF8E2 /* Extensions */ = {
			isa = PBXGroup;
			children = (
				5CBBD34B27294FF4000CF8E2 /* HomeVC-CV.swift */,
				5CF4F570272BF8B5001E483B /* HomeVC-TV.swift */,
			);
			path = Extensions;
			sourceTree = "<group>";
		};
		5CC0E2812720440A00A07CB1 /* Extensions */ = {
			isa = PBXGroup;
			children = (
				5C8FAD8A2720484300E35816 /* UIColorExtension.swift */,
				5CEF1D4227225CD60068918E /* UIImageExtension.swift */,
			);
			path = Extensions;
			sourceTree = "<group>";
		};
		5CC39AD72709B32E00FBB37B = {
			isa = PBXGroup;
			children = (
				5CC39AE22709B32E00FBB37B /* 29th-homework */,
				5CC39AE12709B32E00FBB37B /* Products */,
			);
			sourceTree = "<group>";
		};
		5CC39AE12709B32E00FBB37B /* Products */ = {
			isa = PBXGroup;
			children = (
				5CC39AE02709B32E00FBB37B /* 29th-homework.app */,
			);
			name = Products;
			sourceTree = "<group>";
		};
		5CC39AE22709B32E00FBB37B /* 29th-homework */ = {
			isa = PBXGroup;
			children = (
				5CEF1D272721B6EA0068918E /* Common */,
				5C8FAD8E272052E700E35816 /* Files */,
				5C8FAD8D272052CF00E35816 /* Storyboards */,
				5C8FAD8C272052A900E35816 /* Resources */,
				5CC0E2812720440A00A07CB1 /* Extensions */,
				5CC39AF12709B33100FBB37B /* Info.plist */,
			);
			path = "29th-homework";
			sourceTree = "<group>";
		};
		5CEF1D272721B6EA0068918E /* Common */ = {
			isa = PBXGroup;
			children = (
				5CEF1D282721B7040068918E /* LoginTextField.swift */,
				5CEF1D2C2722584D0068918E /* CustomTabBarController.swift */,
			);
			path = Common;
			sourceTree = "<group>";
		};
/* End PBXGroup section */

/* Begin PBXNativeTarget section */
		5CC39ADF2709B32E00FBB37B /* 29th-homework */ = {
			isa = PBXNativeTarget;
			buildConfigurationList = 5CC39AF42709B33100FBB37B /* Build configuration list for PBXNativeTarget "29th-homework" */;
			buildPhases = (
				5CC39ADC2709B32E00FBB37B /* Sources */,
				5CC39ADD2709B32E00FBB37B /* Frameworks */,
				5CC39ADE2709B32E00FBB37B /* Resources */,
			);
			buildRules = (
			);
			dependencies = (
			);
			name = "29th-homework";
			productName = "29th-week1-homework";
			productReference = 5CC39AE02709B32E00FBB37B /* 29th-homework.app */;
			productType = "com.apple.product-type.application";
		};
/* End PBXNativeTarget section */

/* Begin PBXProject section */
		5CC39AD82709B32E00FBB37B /* Project object */ = {
			isa = PBXProject;
			attributes = {
				BuildIndependentTargetsInParallel = 1;
				LastSwiftUpdateCheck = 1300;
				LastUpgradeCheck = 1300;
				TargetAttributes = {
					5CC39ADF2709B32E00FBB37B = {
						CreatedOnToolsVersion = 13.0;
					};
				};
			};
			buildConfigurationList = 5CC39ADB2709B32E00FBB37B /* Build configuration list for PBXProject "29th-homework" */;
			compatibilityVersion = "Xcode 13.0";
			developmentRegion = en;
			hasScannedForEncodings = 0;
			knownRegions = (
				en,
				Base,
			);
			mainGroup = 5CC39AD72709B32E00FBB37B;
			productRefGroup = 5CC39AE12709B32E00FBB37B /* Products */;
			projectDirPath = "";
			projectRoot = "";
			targets = (
				5CC39ADF2709B32E00FBB37B /* 29th-homework */,
			);
		};
/* End PBXProject section */

/* Begin PBXResourcesBuildPhase section */
		5CC39ADE2709B32E00FBB37B /* Resources */ = {
			isa = PBXResourcesBuildPhase;
			buildActionMask = 2147483647;
			files = (
				5CC39AF02709B33100FBB37B /* LaunchScreen.storyboard in Resources */,
				5CEF1D2B272257800068918E /* TabBarHome.storyboard in Resources */,
				5CEF1D352722598B0068918E /* SubVC.storyboard in Resources */,
				5CBBD3472728E5F0000CF8E2 /* VideoTableViewCell.xib in Resources */,
				5CEF1D312722597A0068918E /* ShortsVC.storyboard in Resources */,
				5CC39AED2709B33100FBB37B /* Assets.xcassets in Resources */,
				5CEF1D37272259A50068918E /* LibraryVC.storyboard in Resources */,
				5CEF1D33272259850068918E /* AddVC.storyboard in Resources */,
				5CEF1D2F2722596F0068918E /* HomeVC.storyboard in Resources */,
				5CC39AEB2709B32E00FBB37B /* Main.storyboard in Resources */,
			);
			runOnlyForDeploymentPostprocessing = 0;
		};
/* End PBXResourcesBuildPhase section */

/* Begin PBXSourcesBuildPhase section */
		5CC39ADC2709B32E00FBB37B /* Sources */ = {
			isa = PBXSourcesBuildPhase;
			buildActionMask = 2147483647;
			files = (
				5CC39AF82709B55500FBB37B /* SignUpVC.swift in Sources */,
				5CEF1D41272259F00068918E /* LibraryVC.swift in Sources */,
				5CC39AE82709B32E00FBB37B /* SignInVC.swift in Sources */,
				5CBBD34927294A7B000CF8E2 /* ShortsCollectionViewCell.swift in Sources */,
				5CEF1D3F272259EF0068918E /* SubVC.swift in Sources */,
				5CF4F571272BF8B5001E483B /* HomeVC-TV.swift in Sources */,
				5CEF1D2D2722584D0068918E /* CustomTabBarController.swift in Sources */,
				5CEF1D39272259D00068918E /* HomeVC.swift in Sources */,
				5CC39AE42709B32E00FBB37B /* AppDelegate.swift in Sources */,
				5CEF1D3B272259ED0068918E /* ShortsVC.swift in Sources */,
				5CEF1D3D272259EE0068918E /* AddVC.swift in Sources */,
				5CEF1D4327225CD60068918E /* UIImageExtension.swift in Sources */,
				5CC39AFA2709B58100FBB37B /* CompleteSignUpVC.swift in Sources */,
				5CC39AE62709B32E00FBB37B /* SceneDelegate.swift in Sources */,
				5C8FAD8B2720484300E35816 /* UIColorExtension.swift in Sources */,
				5CEF1D292721B7040068918E /* LoginTextField.swift in Sources */,
				5CBBD34C27294FF4000CF8E2 /* HomeVC-CV.swift in Sources */,
				5CBBD3462728E5F0000CF8E2 /* VideoTableViewCell.swift in Sources */,
			);
			runOnlyForDeploymentPostprocessing = 0;
		};
/* End PBXSourcesBuildPhase section */

/* Begin PBXVariantGroup section */
		5CC39AE92709B32E00FBB37B /* Main.storyboard */ = {
			isa = PBXVariantGroup;
			children = (
				5CC39AEA2709B32E00FBB37B /* Base */,
			);
			name = Main.storyboard;
			sourceTree = "<group>";
		};
		5CC39AEE2709B33100FBB37B /* LaunchScreen.storyboard */ = {
			isa = PBXVariantGroup;
			children = (
				5CC39AEF2709B33100FBB37B /* Base */,
			);
			name = LaunchScreen.storyboard;
			sourceTree = "<group>";
		};
/* End PBXVariantGroup section */

/* Begin XCBuildConfiguration section */
		5CC39AF22709B33100FBB37B /* Debug */ = {
			isa = XCBuildConfiguration;
			buildSettings = {
				ALWAYS_SEARCH_USER_PATHS = NO;
				CLANG_ANALYZER_NONNULL = YES;
				CLANG_ANALYZER_NUMBER_OBJECT_CONVERSION = YES_AGGRESSIVE;
				CLANG_CXX_LANGUAGE_STANDARD = "gnu++17";
				CLANG_CXX_LIBRARY = "libc++";
				CLANG_ENABLE_MODULES = YES;
				CLANG_ENABLE_OBJC_ARC = YES;
				CLANG_ENABLE_OBJC_WEAK = YES;
				CLANG_WARN_BLOCK_CAPTURE_AUTORELEASING = YES;
				CLANG_WARN_BOOL_CONVERSION = YES;
				CLANG_WARN_COMMA = YES;
				CLANG_WARN_CONSTANT_CONVERSION = YES;
				CLANG_WARN_DEPRECATED_OBJC_IMPLEMENTATIONS = YES;
				CLANG_WARN_DIRECT_OBJC_ISA_USAGE = YES_ERROR;
				CLANG_WARN_DOCUMENTATION_COMMENTS = YES;
				CLANG_WARN_EMPTY_BODY = YES;
				CLANG_WARN_ENUM_CONVERSION = YES;
				CLANG_WARN_INFINITE_RECURSION = YES;
				CLANG_WARN_INT_CONVERSION = YES;
				CLANG_WARN_NON_LITERAL_NULL_CONVERSION = YES;
				CLANG_WARN_OBJC_IMPLICIT_RETAIN_SELF = YES;
				CLANG_WARN_OBJC_LITERAL_CONVERSION = YES;
				CLANG_WARN_OBJC_ROOT_CLASS = YES_ERROR;
				CLANG_WARN_QUOTED_INCLUDE_IN_FRAMEWORK_HEADER = YES;
				CLANG_WARN_RANGE_LOOP_ANALYSIS = YES;
				CLANG_WARN_STRICT_PROTOTYPES = YES;
				CLANG_WARN_SUSPICIOUS_MOVE = YES;
				CLANG_WARN_UNGUARDED_AVAILABILITY = YES_AGGRESSIVE;
				CLANG_WARN_UNREACHABLE_CODE = YES;
				CLANG_WARN__DUPLICATE_METHOD_MATCH = YES;
				COPY_PHASE_STRIP = NO;
				DEBUG_INFORMATION_FORMAT = dwarf;
				ENABLE_STRICT_OBJC_MSGSEND = YES;
				ENABLE_TESTABILITY = YES;
				GCC_C_LANGUAGE_STANDARD = gnu11;
				GCC_DYNAMIC_NO_PIC = NO;
				GCC_NO_COMMON_BLOCKS = YES;
				GCC_OPTIMIZATION_LEVEL = 0;
				GCC_PREPROCESSOR_DEFINITIONS = (
					"DEBUG=1",
					"$(inherited)",
				);
				GCC_WARN_64_TO_32_BIT_CONVERSION = YES;
				GCC_WARN_ABOUT_RETURN_TYPE = YES_ERROR;
				GCC_WARN_UNDECLARED_SELECTOR = YES;
				GCC_WARN_UNINITIALIZED_AUTOS = YES_AGGRESSIVE;
				GCC_WARN_UNUSED_FUNCTION = YES;
				GCC_WARN_UNUSED_VARIABLE = YES;
				IPHONEOS_DEPLOYMENT_TARGET = 15.0;
				MTL_ENABLE_DEBUG_INFO = INCLUDE_SOURCE;
				MTL_FAST_MATH = YES;
				ONLY_ACTIVE_ARCH = YES;
				SDKROOT = iphoneos;
				SWIFT_ACTIVE_COMPILATION_CONDITIONS = DEBUG;
				SWIFT_OPTIMIZATION_LEVEL = "-Onone";
			};
			name = Debug;
		};
		5CC39AF32709B33100FBB37B /* Release */ = {
			isa = XCBuildConfiguration;
			buildSettings = {
				ALWAYS_SEARCH_USER_PATHS = NO;
				CLANG_ANALYZER_NONNULL = YES;
				CLANG_ANALYZER_NUMBER_OBJECT_CONVERSION = YES_AGGRESSIVE;
				CLANG_CXX_LANGUAGE_STANDARD = "gnu++17";
				CLANG_CXX_LIBRARY = "libc++";
				CLANG_ENABLE_MODULES = YES;
				CLANG_ENABLE_OBJC_ARC = YES;
				CLANG_ENABLE_OBJC_WEAK = YES;
				CLANG_WARN_BLOCK_CAPTURE_AUTORELEASING = YES;
				CLANG_WARN_BOOL_CONVERSION = YES;
				CLANG_WARN_COMMA = YES;
				CLANG_WARN_CONSTANT_CONVERSION = YES;
				CLANG_WARN_DEPRECATED_OBJC_IMPLEMENTATIONS = YES;
				CLANG_WARN_DIRECT_OBJC_ISA_USAGE = YES_ERROR;
				CLANG_WARN_DOCUMENTATION_COMMENTS = YES;
				CLANG_WARN_EMPTY_BODY = YES;
				CLANG_WARN_ENUM_CONVERSION = YES;
				CLANG_WARN_INFINITE_RECURSION = YES;
				CLANG_WARN_INT_CONVERSION = YES;
				CLANG_WARN_NON_LITERAL_NULL_CONVERSION = YES;
				CLANG_WARN_OBJC_IMPLICIT_RETAIN_SELF = YES;
				CLANG_WARN_OBJC_LITERAL_CONVERSION = YES;
				CLANG_WARN_OBJC_ROOT_CLASS = YES_ERROR;
				CLANG_WARN_QUOTED_INCLUDE_IN_FRAMEWORK_HEADER = YES;
				CLANG_WARN_RANGE_LOOP_ANALYSIS = YES;
				CLANG_WARN_STRICT_PROTOTYPES = YES;
				CLANG_WARN_SUSPICIOUS_MOVE = YES;
				CLANG_WARN_UNGUARDED_AVAILABILITY = YES_AGGRESSIVE;
				CLANG_WARN_UNREACHABLE_CODE = YES;
				CLANG_WARN__DUPLICATE_METHOD_MATCH = YES;
				COPY_PHASE_STRIP = NO;
				DEBUG_INFORMATION_FORMAT = "dwarf-with-dsym";
				ENABLE_NS_ASSERTIONS = NO;
				ENABLE_STRICT_OBJC_MSGSEND = YES;
				GCC_C_LANGUAGE_STANDARD = gnu11;
				GCC_NO_COMMON_BLOCKS = YES;
				GCC_WARN_64_TO_32_BIT_CONVERSION = YES;
				GCC_WARN_ABOUT_RETURN_TYPE = YES_ERROR;
				GCC_WARN_UNDECLARED_SELECTOR = YES;
				GCC_WARN_UNINITIALIZED_AUTOS = YES_AGGRESSIVE;
				GCC_WARN_UNUSED_FUNCTION = YES;
				GCC_WARN_UNUSED_VARIABLE = YES;
				IPHONEOS_DEPLOYMENT_TARGET = 15.0;
				MTL_ENABLE_DEBUG_INFO = NO;
				MTL_FAST_MATH = YES;
				SDKROOT = iphoneos;
				SWIFT_COMPILATION_MODE = wholemodule;
				SWIFT_OPTIMIZATION_LEVEL = "-O";
				VALIDATE_PRODUCT = YES;
			};
			name = Release;
		};
		5CC39AF52709B33100FBB37B /* Debug */ = {
			isa = XCBuildConfiguration;
			buildSettings = {
				ASSETCATALOG_COMPILER_APPICON_NAME = AppIcon;
				ASSETCATALOG_COMPILER_GLOBAL_ACCENT_COLOR_NAME = AccentColor;
				CODE_SIGN_STYLE = Automatic;
				CURRENT_PROJECT_VERSION = 1;
				DEVELOPMENT_TEAM = N4RT4KGQK9;
				GENERATE_INFOPLIST_FILE = YES;
				INFOPLIST_FILE = "29th-homework/Info.plist";
				INFOPLIST_KEY_UIApplicationSupportsIndirectInputEvents = YES;
				INFOPLIST_KEY_UILaunchStoryboardName = LaunchScreen;
				INFOPLIST_KEY_UIMainStoryboardFile = Main;
				INFOPLIST_KEY_UISupportedInterfaceOrientations = UIInterfaceOrientationPortrait;
				INFOPLIST_KEY_UISupportedInterfaceOrientations_iPad = "UIInterfaceOrientationPortrait UIInterfaceOrientationPortraitUpsideDown UIInterfaceOrientationLandscapeLeft UIInterfaceOrientationLandscapeRight";
				INFOPLIST_KEY_UISupportedInterfaceOrientations_iPhone = "UIInterfaceOrientationPortrait UIInterfaceOrientationLandscapeLeft UIInterfaceOrientationLandscapeRight";
				IPHONEOS_DEPLOYMENT_TARGET = 13.0;
				LD_RUNPATH_SEARCH_PATHS = (
					"$(inherited)",
					"@executable_path/Frameworks",
				);
				MARKETING_VERSION = 1.0;
				PRODUCT_BUNDLE_IDENTIFIER = "com.madilyn.29th-homework";
				PRODUCT_NAME = "$(TARGET_NAME)";
				SWIFT_EMIT_LOC_STRINGS = YES;
				SWIFT_VERSION = 5.0;
				TARGETED_DEVICE_FAMILY = "1,2";
			};
			name = Debug;
		};
		5CC39AF62709B33100FBB37B /* Release */ = {
			isa = XCBuildConfiguration;
			buildSettings = {
				ASSETCATALOG_COMPILER_APPICON_NAME = AppIcon;
				ASSETCATALOG_COMPILER_GLOBAL_ACCENT_COLOR_NAME = AccentColor;
				CODE_SIGN_STYLE = Automatic;
				CURRENT_PROJECT_VERSION = 1;
				DEVELOPMENT_TEAM = N4RT4KGQK9;
				GENERATE_INFOPLIST_FILE = YES;
				INFOPLIST_FILE = "29th-homework/Info.plist";
				INFOPLIST_KEY_UIApplicationSupportsIndirectInputEvents = YES;
				INFOPLIST_KEY_UILaunchStoryboardName = LaunchScreen;
				INFOPLIST_KEY_UIMainStoryboardFile = Main;
				INFOPLIST_KEY_UISupportedInterfaceOrientations = UIInterfaceOrientationPortrait;
				INFOPLIST_KEY_UISupportedInterfaceOrientations_iPad = "UIInterfaceOrientationPortrait UIInterfaceOrientationPortraitUpsideDown UIInterfaceOrientationLandscapeLeft UIInterfaceOrientationLandscapeRight";
				INFOPLIST_KEY_UISupportedInterfaceOrientations_iPhone = "UIInterfaceOrientationPortrait UIInterfaceOrientationLandscapeLeft UIInterfaceOrientationLandscapeRight";
				IPHONEOS_DEPLOYMENT_TARGET = 13.0;
				LD_RUNPATH_SEARCH_PATHS = (
					"$(inherited)",
					"@executable_path/Frameworks",
				);
				MARKETING_VERSION = 1.0;
				PRODUCT_BUNDLE_IDENTIFIER = "com.madilyn.29th-homework";
				PRODUCT_NAME = "$(TARGET_NAME)";
				SWIFT_EMIT_LOC_STRINGS = YES;
				SWIFT_VERSION = 5.0;
				TARGETED_DEVICE_FAMILY = "1,2";
			};
			name = Release;
		};
/* End XCBuildConfiguration section */

/* Begin XCConfigurationList section */
		5CC39ADB2709B32E00FBB37B /* Build configuration list for PBXProject "29th-homework" */ = {
			isa = XCConfigurationList;
			buildConfigurations = (
				5CC39AF22709B33100FBB37B /* Debug */,
				5CC39AF32709B33100FBB37B /* Release */,
			);
			defaultConfigurationIsVisible = 0;
			defaultConfigurationName = Release;
		};
		5CC39AF42709B33100FBB37B /* Build configuration list for PBXNativeTarget "29th-homework" */ = {
			isa = XCConfigurationList;
			buildConfigurations = (
				5CC39AF52709B33100FBB37B /* Debug */,
				5CC39AF62709B33100FBB37B /* Release */,
			);
			defaultConfigurationIsVisible = 0;
			defaultConfigurationName = Release;
		};
/* End XCConfigurationList section */
	};
	rootObject = 5CC39AD82709B32E00FBB37B /* Project object */;
}
